// !$*UTF8*$!
{
	archiveVersion = 1;
	classes = {
	};
	objectVersion = 52;
	objects = {

/* Begin PBXBuildFile section */
		3A26944E2418C190002DBFB5 /* AuthenticationView.swift in Sources */ = {isa = PBXBuildFile; fileRef = 3A26944D2418C190002DBFB5 /* AuthenticationView.swift */; };
		3A2694502418C41B002DBFB5 /* ContentView.swift in Sources */ = {isa = PBXBuildFile; fileRef = 3A26944F2418C41B002DBFB5 /* ContentView.swift */; };
		3A2694542418D744002DBFB5 /* User.swift in Sources */ = {isa = PBXBuildFile; fileRef = 3A2694532418D744002DBFB5 /* User.swift */; };
		3A2694582418EFD9002DBFB5 /* IStocksAPI.swift in Sources */ = {isa = PBXBuildFile; fileRef = 3A2694572418EFD9002DBFB5 /* IStocksAPI.swift */; };
		3A26945B2418F13A002DBFB5 /* Token.swift in Sources */ = {isa = PBXBuildFile; fileRef = 3A26945A2418F13A002DBFB5 /* Token.swift */; };
		3A26945F24190CEB002DBFB5 /* Asset.swift in Sources */ = {isa = PBXBuildFile; fileRef = 3A26945E24190CEB002DBFB5 /* Asset.swift */; };
		3A269467241A514B002DBFB5 /* SearchBarView.swift in Sources */ = {isa = PBXBuildFile; fileRef = 3A269466241A514B002DBFB5 /* SearchBarView.swift */; };
		3A3C02AB240EB601007B3CC3 /* Request.swift in Sources */ = {isa = PBXBuildFile; fileRef = 3A3C02AA240EB601007B3CC3 /* Request.swift */; };
		3A3C02C5240F9A5F007B3CC3 /* Quote.swift in Sources */ = {isa = PBXBuildFile; fileRef = 3A3C02C3240F9A5F007B3CC3 /* Quote.swift */; };
		3A3C02CA240FA150007B3CC3 /* QuoteVM.swift in Sources */ = {isa = PBXBuildFile; fileRef = 3A3C02C9240FA150007B3CC3 /* QuoteVM.swift */; };
		3A3C02CC240FB575007B3CC3 /* QuoteRowView.swift in Sources */ = {isa = PBXBuildFile; fileRef = 3A3C02CB240FB575007B3CC3 /* QuoteRowView.swift */; };
		3A3C02CE240FC83E007B3CC3 /* StocksVM.swift in Sources */ = {isa = PBXBuildFile; fileRef = 3A3C02CD240FC83E007B3CC3 /* StocksVM.swift */; };
		3A5219A5241F79D5009B0E95 /* AssetsView.swift in Sources */ = {isa = PBXBuildFile; fileRef = 3A5219A4241F79D5009B0E95 /* AssetsView.swift */; };
		3A5219A7241F7AD7009B0E95 /* AssetsVM.swift in Sources */ = {isa = PBXBuildFile; fileRef = 3A5219A6241F7AD7009B0E95 /* AssetsVM.swift */; };
		3A5219A9241F7C40009B0E95 /* AssetGroupVM.swift in Sources */ = {isa = PBXBuildFile; fileRef = 3A5219A8241F7C40009B0E95 /* AssetGroupVM.swift */; };
		3A5219AB241F7DC4009B0E95 /* AssetRowView.swift in Sources */ = {isa = PBXBuildFile; fileRef = 3A5219AA241F7DC4009B0E95 /* AssetRowView.swift */; };
		3A5219AD241F8314009B0E95 /* AssetGroup.swift in Sources */ = {isa = PBXBuildFile; fileRef = 3A5219AC241F8314009B0E95 /* AssetGroup.swift */; };
		3A5219AF241FBF9C009B0E95 /* QuoteDetailView.swift in Sources */ = {isa = PBXBuildFile; fileRef = 3A5219AE241FBF9C009B0E95 /* QuoteDetailView.swift */; };
		3A609ECE2427420F0020C229 /* ChartVM.swift in Sources */ = {isa = PBXBuildFile; fileRef = 3A609ECD2427420F0020C229 /* ChartVM.swift */; };
		3A6D42492410063A00A0B8A9 /* IStocksButtonStyle.swift in Sources */ = {isa = PBXBuildFile; fileRef = 3A6D42482410063A00A0B8A9 /* IStocksButtonStyle.swift */; };
		3A8D9EAF240D7E2D009A4BFB /* AppDelegate.swift in Sources */ = {isa = PBXBuildFile; fileRef = 3A8D9EAE240D7E2D009A4BFB /* AppDelegate.swift */; };
		3A8D9EB1240D7E2D009A4BFB /* SceneDelegate.swift in Sources */ = {isa = PBXBuildFile; fileRef = 3A8D9EB0240D7E2D009A4BFB /* SceneDelegate.swift */; };
		3A8D9EB3240D7E2D009A4BFB /* StocksView.swift in Sources */ = {isa = PBXBuildFile; fileRef = 3A8D9EB2240D7E2D009A4BFB /* StocksView.swift */; };
		3A8D9EB5240D7E34009A4BFB /* Assets.xcassets in Resources */ = {isa = PBXBuildFile; fileRef = 3A8D9EB4240D7E34009A4BFB /* Assets.xcassets */; };
		3A8D9EB8240D7E34009A4BFB /* Preview Assets.xcassets in Resources */ = {isa = PBXBuildFile; fileRef = 3A8D9EB7240D7E34009A4BFB /* Preview Assets.xcassets */; };
		3A8D9EBB240D7E34009A4BFB /* LaunchScreen.storyboard in Resources */ = {isa = PBXBuildFile; fileRef = 3A8D9EB9240D7E34009A4BFB /* LaunchScreen.storyboard */; };
		3AE3C4C3242267D600DC0A95 /* SwiftUILineChart in Frameworks */ = {isa = PBXBuildFile; productRef = 3AE3C4C2242267D600DC0A95 /* SwiftUILineChart */; };
		3AF24AB6242BE09A008CC83F /* QuoteDetailVM.swift in Sources */ = {isa = PBXBuildFile; fileRef = 3AF24AB5242BE099008CC83F /* QuoteDetailVM.swift */; };
		3AF24AB8242C953D008CC83F /* ChartView.swift in Sources */ = {isa = PBXBuildFile; fileRef = 3AF24AB7242C953D008CC83F /* ChartView.swift */; };
		3AF24ABA242CC1B9008CC83F /* Extensions.swift in Sources */ = {isa = PBXBuildFile; fileRef = 3AF24AB9242CC1B9008CC83F /* Extensions.swift */; };
		3AF24ABC242CCA37008CC83F /* ActivityIndicator.swift in Sources */ = {isa = PBXBuildFile; fileRef = 3AF24ABB242CCA37008CC83F /* ActivityIndicator.swift */; };
		3AF24ABE242CDF8F008CC83F /* AddAssetView.swift in Sources */ = {isa = PBXBuildFile; fileRef = 3AF24ABD242CDF8F008CC83F /* AddAssetView.swift */; };
		3AF24AC0242DD10B008CC83F /* SearchStocksVM.swift in Sources */ = {isa = PBXBuildFile; fileRef = 3AF24ABF242DD10B008CC83F /* SearchStocksVM.swift */; };
		3AF25149242F3EDF008CC83F /* AddAssetVM.swift in Sources */ = {isa = PBXBuildFile; fileRef = 3AF25148242F3EDF008CC83F /* AddAssetVM.swift */; };
/* End PBXBuildFile section */

/* Begin PBXFileReference section */
		3A26944D2418C190002DBFB5 /* AuthenticationView.swift */ = {isa = PBXFileReference; lastKnownFileType = sourcecode.swift; path = AuthenticationView.swift; sourceTree = "<group>"; };
		3A26944F2418C41B002DBFB5 /* ContentView.swift */ = {isa = PBXFileReference; lastKnownFileType = sourcecode.swift; path = ContentView.swift; sourceTree = "<group>"; };
		3A2694532418D744002DBFB5 /* User.swift */ = {isa = PBXFileReference; lastKnownFileType = sourcecode.swift; path = User.swift; sourceTree = "<group>"; };
		3A2694572418EFD9002DBFB5 /* IStocksAPI.swift */ = {isa = PBXFileReference; lastKnownFileType = sourcecode.swift; path = IStocksAPI.swift; sourceTree = "<group>"; };
		3A26945A2418F13A002DBFB5 /* Token.swift */ = {isa = PBXFileReference; lastKnownFileType = sourcecode.swift; path = Token.swift; sourceTree = "<group>"; };
		3A26945E24190CEB002DBFB5 /* Asset.swift */ = {isa = PBXFileReference; lastKnownFileType = sourcecode.swift; path = Asset.swift; sourceTree = "<group>"; };
		3A269466241A514B002DBFB5 /* SearchBarView.swift */ = {isa = PBXFileReference; lastKnownFileType = sourcecode.swift; path = SearchBarView.swift; sourceTree = "<group>"; };
		3A3C02AA240EB601007B3CC3 /* Request.swift */ = {isa = PBXFileReference; lastKnownFileType = sourcecode.swift; path = Request.swift; sourceTree = "<group>"; };
		3A3C02C3240F9A5F007B3CC3 /* Quote.swift */ = {isa = PBXFileReference; fileEncoding = 4; lastKnownFileType = sourcecode.swift; path = Quote.swift; sourceTree = "<group>"; };
		3A3C02C9240FA150007B3CC3 /* QuoteVM.swift */ = {isa = PBXFileReference; lastKnownFileType = sourcecode.swift; path = QuoteVM.swift; sourceTree = "<group>"; };
		3A3C02CB240FB575007B3CC3 /* QuoteRowView.swift */ = {isa = PBXFileReference; lastKnownFileType = sourcecode.swift; path = QuoteRowView.swift; sourceTree = "<group>"; };
		3A3C02CD240FC83E007B3CC3 /* StocksVM.swift */ = {isa = PBXFileReference; lastKnownFileType = sourcecode.swift; path = StocksVM.swift; sourceTree = "<group>"; };
		3A5219A4241F79D5009B0E95 /* AssetsView.swift */ = {isa = PBXFileReference; lastKnownFileType = sourcecode.swift; path = AssetsView.swift; sourceTree = "<group>"; };
		3A5219A6241F7AD7009B0E95 /* AssetsVM.swift */ = {isa = PBXFileReference; lastKnownFileType = sourcecode.swift; path = AssetsVM.swift; sourceTree = "<group>"; };
		3A5219A8241F7C40009B0E95 /* AssetGroupVM.swift */ = {isa = PBXFileReference; lastKnownFileType = sourcecode.swift; path = AssetGroupVM.swift; sourceTree = "<group>"; };
		3A5219AA241F7DC4009B0E95 /* AssetRowView.swift */ = {isa = PBXFileReference; lastKnownFileType = sourcecode.swift; path = AssetRowView.swift; sourceTree = "<group>"; };
		3A5219AC241F8314009B0E95 /* AssetGroup.swift */ = {isa = PBXFileReference; lastKnownFileType = sourcecode.swift; path = AssetGroup.swift; sourceTree = "<group>"; };
		3A5219AE241FBF9C009B0E95 /* QuoteDetailView.swift */ = {isa = PBXFileReference; lastKnownFileType = sourcecode.swift; path = QuoteDetailView.swift; sourceTree = "<group>"; };
		3A609ECD2427420F0020C229 /* ChartVM.swift */ = {isa = PBXFileReference; lastKnownFileType = sourcecode.swift; path = ChartVM.swift; sourceTree = "<group>"; };
		3A6D42482410063A00A0B8A9 /* IStocksButtonStyle.swift */ = {isa = PBXFileReference; lastKnownFileType = sourcecode.swift; path = IStocksButtonStyle.swift; sourceTree = "<group>"; };
		3A8D9EAB240D7E2D009A4BFB /* iStocks.app */ = {isa = PBXFileReference; explicitFileType = wrapper.application; includeInIndex = 0; path = iStocks.app; sourceTree = BUILT_PRODUCTS_DIR; };
		3A8D9EAE240D7E2D009A4BFB /* AppDelegate.swift */ = {isa = PBXFileReference; lastKnownFileType = sourcecode.swift; path = AppDelegate.swift; sourceTree = "<group>"; };
		3A8D9EB0240D7E2D009A4BFB /* SceneDelegate.swift */ = {isa = PBXFileReference; lastKnownFileType = sourcecode.swift; path = SceneDelegate.swift; sourceTree = "<group>"; };
		3A8D9EB2240D7E2D009A4BFB /* StocksView.swift */ = {isa = PBXFileReference; lastKnownFileType = sourcecode.swift; path = StocksView.swift; sourceTree = "<group>"; };
		3A8D9EB4240D7E34009A4BFB /* Assets.xcassets */ = {isa = PBXFileReference; lastKnownFileType = folder.assetcatalog; path = Assets.xcassets; sourceTree = "<group>"; };
		3A8D9EB7240D7E34009A4BFB /* Preview Assets.xcassets */ = {isa = PBXFileReference; lastKnownFileType = folder.assetcatalog; path = "Preview Assets.xcassets"; sourceTree = "<group>"; };
		3A8D9EBA240D7E34009A4BFB /* Base */ = {isa = PBXFileReference; lastKnownFileType = file.storyboard; name = Base; path = Base.lproj/LaunchScreen.storyboard; sourceTree = "<group>"; };
		3A8D9EBC240D7E34009A4BFB /* Info.plist */ = {isa = PBXFileReference; lastKnownFileType = text.plist.xml; path = Info.plist; sourceTree = "<group>"; };
		3AF24AB5242BE099008CC83F /* QuoteDetailVM.swift */ = {isa = PBXFileReference; lastKnownFileType = sourcecode.swift; path = QuoteDetailVM.swift; sourceTree = "<group>"; };
		3AF24AB7242C953D008CC83F /* ChartView.swift */ = {isa = PBXFileReference; lastKnownFileType = sourcecode.swift; path = ChartView.swift; sourceTree = "<group>"; };
		3AF24AB9242CC1B9008CC83F /* Extensions.swift */ = {isa = PBXFileReference; lastKnownFileType = sourcecode.swift; path = Extensions.swift; sourceTree = "<group>"; };
		3AF24ABB242CCA37008CC83F /* ActivityIndicator.swift */ = {isa = PBXFileReference; lastKnownFileType = sourcecode.swift; path = ActivityIndicator.swift; sourceTree = "<group>"; };
		3AF24ABD242CDF8F008CC83F /* AddAssetView.swift */ = {isa = PBXFileReference; lastKnownFileType = sourcecode.swift; path = AddAssetView.swift; sourceTree = "<group>"; };
		3AF24ABF242DD10B008CC83F /* SearchStocksVM.swift */ = {isa = PBXFileReference; lastKnownFileType = sourcecode.swift; path = SearchStocksVM.swift; sourceTree = "<group>"; };
		3AF25148242F3EDF008CC83F /* AddAssetVM.swift */ = {isa = PBXFileReference; lastKnownFileType = sourcecode.swift; path = AddAssetVM.swift; sourceTree = "<group>"; };
/* End PBXFileReference section */

/* Begin PBXFrameworksBuildPhase section */
		3A8D9EA8240D7E2D009A4BFB /* Frameworks */ = {
			isa = PBXFrameworksBuildPhase;
			buildActionMask = 2147483647;
			files = (
				3AE3C4C3242267D600DC0A95 /* SwiftUILineChart in Frameworks */,
			);
			runOnlyForDeploymentPostprocessing = 0;
		};
/* End PBXFrameworksBuildPhase section */

/* Begin PBXGroup section */
		3A2694592418F075002DBFB5 /* API */ = {
			isa = PBXGroup;
			children = (
				3A2694572418EFD9002DBFB5 /* IStocksAPI.swift */,
				3A2694532418D744002DBFB5 /* User.swift */,
				3A26945A2418F13A002DBFB5 /* Token.swift */,
				3A3C02C3240F9A5F007B3CC3 /* Quote.swift */,
				3A26945E24190CEB002DBFB5 /* Asset.swift */,
			);
			path = API;
			sourceTree = "<group>";
		};
		3A3C02AC240EDA7E007B3CC3 /* Model */ = {
			isa = PBXGroup;
			children = (
				3A3C02AA240EB601007B3CC3 /* Request.swift */,
				3A5219AC241F8314009B0E95 /* AssetGroup.swift */,
				3AF24AB9242CC1B9008CC83F /* Extensions.swift */,
			);
			path = Model;
			sourceTree = "<group>";
		};
		3A3C02CF240FCE79007B3CC3 /* View */ = {
			isa = PBXGroup;
			children = (
				3A26944F2418C41B002DBFB5 /* ContentView.swift */,
				3A26944D2418C190002DBFB5 /* AuthenticationView.swift */,
				3AF24AB7242C953D008CC83F /* ChartView.swift */,
				3AA567D52436740D00561577 /* Quotes */,
				3AA567D4243673F500561577 /* Assets */,
				3AA567D62436742E00561577 /* Supporting */,
			);
			path = View;
			sourceTree = "<group>";
		};
		3A3C02D0240FCE8E007B3CC3 /* ViewModel */ = {
			isa = PBXGroup;
			children = (
				3A609ECD2427420F0020C229 /* ChartVM.swift */,
				3AA567D72437166A00561577 /* Quotes */,
				3AA567D8243716AD00561577 /* Assets */,
			);
			path = ViewModel;
			sourceTree = "<group>";
		};
		3A8D9EA2240D7E2D009A4BFB = {
			isa = PBXGroup;
			children = (
				3A8D9EAD240D7E2D009A4BFB /* iStocks */,
				3A8D9EAC240D7E2D009A4BFB /* Products */,
			);
			sourceTree = "<group>";
		};
		3A8D9EAC240D7E2D009A4BFB /* Products */ = {
			isa = PBXGroup;
			children = (
				3A8D9EAB240D7E2D009A4BFB /* iStocks.app */,
			);
			name = Products;
			sourceTree = "<group>";
		};
		3A8D9EAD240D7E2D009A4BFB /* iStocks */ = {
			isa = PBXGroup;
			children = (
				3A8D9EAE240D7E2D009A4BFB /* AppDelegate.swift */,
				3A8D9EB0240D7E2D009A4BFB /* SceneDelegate.swift */,
				3A2694592418F075002DBFB5 /* API */,
				3A3C02AC240EDA7E007B3CC3 /* Model */,
				3A3C02CF240FCE79007B3CC3 /* View */,
				3A3C02D0240FCE8E007B3CC3 /* ViewModel */,
				3A8D9EB4240D7E34009A4BFB /* Assets.xcassets */,
				3A8D9EB9240D7E34009A4BFB /* LaunchScreen.storyboard */,
				3A8D9EBC240D7E34009A4BFB /* Info.plist */,
				3A8D9EB6240D7E34009A4BFB /* Preview Content */,
			);
			path = iStocks;
			sourceTree = "<group>";
		};
		3A8D9EB6240D7E34009A4BFB /* Preview Content */ = {
			isa = PBXGroup;
			children = (
				3A8D9EB7240D7E34009A4BFB /* Preview Assets.xcassets */,
			);
			path = "Preview Content";
			sourceTree = "<group>";
		};
		3AA567D4243673F500561577 /* Assets */ = {
			isa = PBXGroup;
			children = (
				3A5219A4241F79D5009B0E95 /* AssetsView.swift */,
				3AF24ABD242CDF8F008CC83F /* AddAssetView.swift */,
				3A5219AA241F7DC4009B0E95 /* AssetRowView.swift */,
			);
			path = Assets;
			sourceTree = "<group>";
		};
		3AA567D52436740D00561577 /* Quotes */ = {
			isa = PBXGroup;
			children = (
				3A8D9EB2240D7E2D009A4BFB /* StocksView.swift */,
				3A5219AE241FBF9C009B0E95 /* QuoteDetailView.swift */,
				3A3C02CB240FB575007B3CC3 /* QuoteRowView.swift */,
			);
			path = Quotes;
			sourceTree = "<group>";
		};
		3AA567D62436742E00561577 /* Supporting */ = {
			isa = PBXGroup;
			children = (
				3AF24ABB242CCA37008CC83F /* ActivityIndicator.swift */,
				3A269466241A514B002DBFB5 /* SearchBarView.swift */,
				3A6D42482410063A00A0B8A9 /* IStocksButtonStyle.swift */,
			);
			path = Supporting;
			sourceTree = "<group>";
		};
		3AA567D72437166A00561577 /* Quotes */ = {
			isa = PBXGroup;
			children = (
				3A3C02C9240FA150007B3CC3 /* QuoteVM.swift */,
				3AF24AB5242BE099008CC83F /* QuoteDetailVM.swift */,
				3AF24ABF242DD10B008CC83F /* SearchStocksVM.swift */,
				3A3C02CD240FC83E007B3CC3 /* StocksVM.swift */,
			);
			path = Quotes;
			sourceTree = "<group>";
		};
		3AA567D8243716AD00561577 /* Assets */ = {
			isa = PBXGroup;
			children = (
				3A5219A6241F7AD7009B0E95 /* AssetsVM.swift */,
				3A5219A8241F7C40009B0E95 /* AssetGroupVM.swift */,
				3AF25148242F3EDF008CC83F /* AddAssetVM.swift */,
			);
			path = Assets;
			sourceTree = "<group>";
		};
/* End PBXGroup section */

/* Begin PBXNativeTarget section */
		3A8D9EAA240D7E2D009A4BFB /* iStocks */ = {
			isa = PBXNativeTarget;
			buildConfigurationList = 3A8D9EBF240D7E34009A4BFB /* Build configuration list for PBXNativeTarget "iStocks" */;
			buildPhases = (
				3A8D9EA7240D7E2D009A4BFB /* Sources */,
				3A8D9EA8240D7E2D009A4BFB /* Frameworks */,
				3A8D9EA9240D7E2D009A4BFB /* Resources */,
			);
			buildRules = (
			);
			dependencies = (
			);
			name = iStocks;
			packageProductDependencies = (
				3AE3C4C2242267D600DC0A95 /* SwiftUILineChart */,
			);
			productName = iStocks;
			productReference = 3A8D9EAB240D7E2D009A4BFB /* iStocks.app */;
			productType = "com.apple.product-type.application";
		};
/* End PBXNativeTarget section */

/* Begin PBXProject section */
		3A8D9EA3240D7E2D009A4BFB /* Project object */ = {
			isa = PBXProject;
			attributes = {
				LastSwiftUpdateCheck = 1130;
				LastUpgradeCheck = 1130;
				ORGANIZATIONNAME = "Anton Tolstov";
				TargetAttributes = {
					3A8D9EAA240D7E2D009A4BFB = {
						CreatedOnToolsVersion = 11.3.1;
					};
				};
			};
			buildConfigurationList = 3A8D9EA6240D7E2D009A4BFB /* Build configuration list for PBXProject "iStocks" */;
			compatibilityVersion = "Xcode 9.3";
			developmentRegion = en;
			hasScannedForEncodings = 0;
			knownRegions = (
				en,
				Base,
			);
			mainGroup = 3A8D9EA2240D7E2D009A4BFB;
			packageReferences = (
				3AE3C4C1242267D600DC0A95 /* XCRemoteSwiftPackageReference "SwiftUILineChart" */,
			);
			productRefGroup = 3A8D9EAC240D7E2D009A4BFB /* Products */;
			projectDirPath = "";
			projectRoot = "";
			targets = (
				3A8D9EAA240D7E2D009A4BFB /* iStocks */,
			);
		};
/* End PBXProject section */

/* Begin PBXResourcesBuildPhase section */
		3A8D9EA9240D7E2D009A4BFB /* Resources */ = {
			isa = PBXResourcesBuildPhase;
			buildActionMask = 2147483647;
			files = (
				3A8D9EBB240D7E34009A4BFB /* LaunchScreen.storyboard in Resources */,
				3A8D9EB8240D7E34009A4BFB /* Preview Assets.xcassets in Resources */,
				3A8D9EB5240D7E34009A4BFB /* Assets.xcassets in Resources */,
			);
			runOnlyForDeploymentPostprocessing = 0;
		};
/* End PBXResourcesBuildPhase section */

/* Begin PBXSourcesBuildPhase section */
		3A8D9EA7240D7E2D009A4BFB /* Sources */ = {
			isa = PBXSourcesBuildPhase;
			buildActionMask = 2147483647;
			files = (
				3A26945F24190CEB002DBFB5 /* Asset.swift in Sources */,
				3A5219A9241F7C40009B0E95 /* AssetGroupVM.swift in Sources */,
				3A5219A7241F7AD7009B0E95 /* AssetsVM.swift in Sources */,
				3AF25149242F3EDF008CC83F /* AddAssetVM.swift in Sources */,
				3A8D9EAF240D7E2D009A4BFB /* AppDelegate.swift in Sources */,
				3AF24AB6242BE09A008CC83F /* QuoteDetailVM.swift in Sources */,
				3A3C02CA240FA150007B3CC3 /* QuoteVM.swift in Sources */,
				3A26944E2418C190002DBFB5 /* AuthenticationView.swift in Sources */,
				3A269467241A514B002DBFB5 /* SearchBarView.swift in Sources */,
				3A3C02AB240EB601007B3CC3 /* Request.swift in Sources */,
				3A5219AF241FBF9C009B0E95 /* QuoteDetailView.swift in Sources */,
				3A609ECE2427420F0020C229 /* ChartVM.swift in Sources */,
				3A2694582418EFD9002DBFB5 /* IStocksAPI.swift in Sources */,
				3A3C02CE240FC83E007B3CC3 /* StocksVM.swift in Sources */,
				3A26945B2418F13A002DBFB5 /* Token.swift in Sources */,
				3AF24ABE242CDF8F008CC83F /* AddAssetView.swift in Sources */,
				3A8D9EB1240D7E2D009A4BFB /* SceneDelegate.swift in Sources */,
				3A3C02CC240FB575007B3CC3 /* QuoteRowView.swift in Sources */,
				3AF24ABA242CC1B9008CC83F /* Extensions.swift in Sources */,
				3A2694542418D744002DBFB5 /* User.swift in Sources */,
				3A5219AD241F8314009B0E95 /* AssetGroup.swift in Sources */,
				3A5219AB241F7DC4009B0E95 /* AssetRowView.swift in Sources */,
				3AF24AB8242C953D008CC83F /* ChartView.swift in Sources */,
				3AF24ABC242CCA37008CC83F /* ActivityIndicator.swift in Sources */,
				3AF24AC0242DD10B008CC83F /* SearchStocksVM.swift in Sources */,
				3A3C02C5240F9A5F007B3CC3 /* Quote.swift in Sources */,
				3A8D9EB3240D7E2D009A4BFB /* StocksView.swift in Sources */,
				3A2694502418C41B002DBFB5 /* ContentView.swift in Sources */,
				3A5219A5241F79D5009B0E95 /* AssetsView.swift in Sources */,
				3A6D42492410063A00A0B8A9 /* IStocksButtonStyle.swift in Sources */,
			);
			runOnlyForDeploymentPostprocessing = 0;
		};
/* End PBXSourcesBuildPhase section */

/* Begin PBXVariantGroup section */
		3A8D9EB9240D7E34009A4BFB /* LaunchScreen.storyboard */ = {
			isa = PBXVariantGroup;
			children = (
				3A8D9EBA240D7E34009A4BFB /* Base */,
			);
			name = LaunchScreen.storyboard;
			sourceTree = "<group>";
		};
/* End PBXVariantGroup section */

/* Begin XCBuildConfiguration section */
		3A8D9EBD240D7E34009A4BFB /* Debug */ = {
			isa = XCBuildConfiguration;
			buildSettings = {
				ALWAYS_SEARCH_USER_PATHS = NO;
				CLANG_ANALYZER_NONNULL = YES;
				CLANG_ANALYZER_NUMBER_OBJECT_CONVERSION = YES_AGGRESSIVE;
				CLANG_CXX_LANGUAGE_STANDARD = "gnu++14";
				CLANG_CXX_LIBRARY = "libc++";
				CLANG_ENABLE_MODULES = YES;
				CLANG_ENABLE_OBJC_ARC = YES;
				CLANG_ENABLE_OBJC_WEAK = YES;
				CLANG_WARN_BLOCK_CAPTURE_AUTORELEASING = YES;
				CLANG_WARN_BOOL_CONVERSION = YES;
				CLANG_WARN_COMMA = YES;
				CLANG_WARN_CONSTANT_CONVERSION = YES;
				CLANG_WARN_DEPRECATED_OBJC_IMPLEMENTATIONS = YES;
				CLANG_WARN_DIRECT_OBJC_ISA_USAGE = YES_ERROR;
				CLANG_WARN_DOCUMENTATION_COMMENTS = YES;
				CLANG_WARN_EMPTY_BODY = YES;
				CLANG_WARN_ENUM_CONVERSION = YES;
				CLANG_WARN_INFINITE_RECURSION = YES;
				CLANG_WARN_INT_CONVERSION = YES;
				CLANG_WARN_NON_LITERAL_NULL_CONVERSION = YES;
				CLANG_WARN_OBJC_IMPLICIT_RETAIN_SELF = YES;
				CLANG_WARN_OBJC_LITERAL_CONVERSION = YES;
				CLANG_WARN_OBJC_ROOT_CLASS = YES_ERROR;
				CLANG_WARN_RANGE_LOOP_ANALYSIS = YES;
				CLANG_WARN_STRICT_PROTOTYPES = YES;
				CLANG_WARN_SUSPICIOUS_MOVE = YES;
				CLANG_WARN_UNGUARDED_AVAILABILITY = YES_AGGRESSIVE;
				CLANG_WARN_UNREACHABLE_CODE = YES;
				CLANG_WARN__DUPLICATE_METHOD_MATCH = YES;
				COPY_PHASE_STRIP = NO;
				DEBUG_INFORMATION_FORMAT = dwarf;
				ENABLE_STRICT_OBJC_MSGSEND = YES;
				ENABLE_TESTABILITY = YES;
				GCC_C_LANGUAGE_STANDARD = gnu11;
				GCC_DYNAMIC_NO_PIC = NO;
				GCC_NO_COMMON_BLOCKS = YES;
				GCC_OPTIMIZATION_LEVEL = 0;
				GCC_PREPROCESSOR_DEFINITIONS = (
					"DEBUG=1",
					"$(inherited)",
				);
				GCC_WARN_64_TO_32_BIT_CONVERSION = YES;
				GCC_WARN_ABOUT_RETURN_TYPE = YES_ERROR;
				GCC_WARN_UNDECLARED_SELECTOR = YES;
				GCC_WARN_UNINITIALIZED_AUTOS = YES_AGGRESSIVE;
				GCC_WARN_UNUSED_FUNCTION = YES;
				GCC_WARN_UNUSED_VARIABLE = YES;
				IPHONEOS_DEPLOYMENT_TARGET = 13.0;
				MTL_ENABLE_DEBUG_INFO = INCLUDE_SOURCE;
				MTL_FAST_MATH = YES;
				ONLY_ACTIVE_ARCH = YES;
				SDKROOT = iphoneos;
				SWIFT_ACTIVE_COMPILATION_CONDITIONS = DEBUG;
				SWIFT_OPTIMIZATION_LEVEL = "-Onone";
			};
			name = Debug;
		};
		3A8D9EBE240D7E34009A4BFB /* Release */ = {
			isa = XCBuildConfiguration;
			buildSettings = {
				ALWAYS_SEARCH_USER_PATHS = NO;
				CLANG_ANALYZER_NONNULL = YES;
				CLANG_ANALYZER_NUMBER_OBJECT_CONVERSION = YES_AGGRESSIVE;
				CLANG_CXX_LANGUAGE_STANDARD = "gnu++14";
				CLANG_CXX_LIBRARY = "libc++";
				CLANG_ENABLE_MODULES = YES;
				CLANG_ENABLE_OBJC_ARC = YES;
				CLANG_ENABLE_OBJC_WEAK = YES;
				CLANG_WARN_BLOCK_CAPTURE_AUTORELEASING = YES;
				CLANG_WARN_BOOL_CONVERSION = YES;
				CLANG_WARN_COMMA = YES;
				CLANG_WARN_CONSTANT_CONVERSION = YES;
				CLANG_WARN_DEPRECATED_OBJC_IMPLEMENTATIONS = YES;
				CLANG_WARN_DIRECT_OBJC_ISA_USAGE = YES_ERROR;
				CLANG_WARN_DOCUMENTATION_COMMENTS = YES;
				CLANG_WARN_EMPTY_BODY = YES;
				CLANG_WARN_ENUM_CONVERSION = YES;
				CLANG_WARN_INFINITE_RECURSION = YES;
				CLANG_WARN_INT_CONVERSION = YES;
				CLANG_WARN_NON_LITERAL_NULL_CONVERSION = YES;
				CLANG_WARN_OBJC_IMPLICIT_RETAIN_SELF = YES;
				CLANG_WARN_OBJC_LITERAL_CONVERSION = YES;
				CLANG_WARN_OBJC_ROOT_CLASS = YES_ERROR;
				CLANG_WARN_RANGE_LOOP_ANALYSIS = YES;
				CLANG_WARN_STRICT_PROTOTYPES = YES;
				CLANG_WARN_SUSPICIOUS_MOVE = YES;
				CLANG_WARN_UNGUARDED_AVAILABILITY = YES_AGGRESSIVE;
				CLANG_WARN_UNREACHABLE_CODE = YES;
				CLANG_WARN__DUPLICATE_METHOD_MATCH = YES;
				COPY_PHASE_STRIP = NO;
				DEBUG_INFORMATION_FORMAT = "dwarf-with-dsym";
				ENABLE_NS_ASSERTIONS = NO;
				ENABLE_STRICT_OBJC_MSGSEND = YES;
				GCC_C_LANGUAGE_STANDARD = gnu11;
				GCC_NO_COMMON_BLOCKS = YES;
				GCC_WARN_64_TO_32_BIT_CONVERSION = YES;
				GCC_WARN_ABOUT_RETURN_TYPE = YES_ERROR;
				GCC_WARN_UNDECLARED_SELECTOR = YES;
				GCC_WARN_UNINITIALIZED_AUTOS = YES_AGGRESSIVE;
				GCC_WARN_UNUSED_FUNCTION = YES;
				GCC_WARN_UNUSED_VARIABLE = YES;
				IPHONEOS_DEPLOYMENT_TARGET = 13.0;
				MTL_ENABLE_DEBUG_INFO = NO;
				MTL_FAST_MATH = YES;
				SDKROOT = iphoneos;
				SWIFT_COMPILATION_MODE = wholemodule;
				SWIFT_OPTIMIZATION_LEVEL = "-O";
				VALIDATE_PRODUCT = YES;
			};
			name = Release;
		};
		3A8D9EC0240D7E34009A4BFB /* Debug */ = {
			isa = XCBuildConfiguration;
			buildSettings = {
				ASSETCATALOG_COMPILER_APPICON_NAME = AppIcon;
				CODE_SIGN_STYLE = Automatic;
				DEVELOPMENT_ASSET_PATHS = "iStocks/Preview\\ Content";
				DEVELOPMENT_TEAM = J3B68N99HN;
				ENABLE_PREVIEWS = YES;
				INFOPLIST_FILE = iStocks/Info.plist;
				IPHONEOS_DEPLOYMENT_TARGET = 13.0;
				LD_RUNPATH_SEARCH_PATHS = (
					"$(inherited)",
					"@executable_path/Frameworks",
				);
				PRODUCT_BUNDLE_IDENTIFIER = com.ducksowl.iStocks;
				PRODUCT_NAME = "$(TARGET_NAME)";
				SWIFT_VERSION = 5.0;
				TARGETED_DEVICE_FAMILY = "1,2";
			};
			name = Debug;
		};
		3A8D9EC1240D7E34009A4BFB /* Release */ = {
			isa = XCBuildConfiguration;
			buildSettings = {
				ASSETCATALOG_COMPILER_APPICON_NAME = AppIcon;
				CODE_SIGN_STYLE = Automatic;
				DEVELOPMENT_ASSET_PATHS = "iStocks/Preview\\ Content";
				DEVELOPMENT_TEAM = J3B68N99HN;
				ENABLE_PREVIEWS = YES;
				INFOPLIST_FILE = iStocks/Info.plist;
				IPHONEOS_DEPLOYMENT_TARGET = 13.0;
				LD_RUNPATH_SEARCH_PATHS = (
					"$(inherited)",
					"@executable_path/Frameworks",
				);
				PRODUCT_BUNDLE_IDENTIFIER = com.ducksowl.iStocks;
				PRODUCT_NAME = "$(TARGET_NAME)";
				SWIFT_VERSION = 5.0;
				TARGETED_DEVICE_FAMILY = "1,2";
			};
			name = Release;
		};
/* End XCBuildConfiguration section */

/* Begin XCConfigurationList section */
		3A8D9EA6240D7E2D009A4BFB /* Build configuration list for PBXProject "iStocks" */ = {
			isa = XCConfigurationList;
			buildConfigurations = (
				3A8D9EBD240D7E34009A4BFB /* Debug */,
				3A8D9EBE240D7E34009A4BFB /* Release */,
			);
			defaultConfigurationIsVisible = 0;
			defaultConfigurationName = Release;
		};
		3A8D9EBF240D7E34009A4BFB /* Build configuration list for PBXNativeTarget "iStocks" */ = {
			isa = XCConfigurationList;
			buildConfigurations = (
				3A8D9EC0240D7E34009A4BFB /* Debug */,
				3A8D9EC1240D7E34009A4BFB /* Release */,
			);
			defaultConfigurationIsVisible = 0;
			defaultConfigurationName = Release;
		};
/* End XCConfigurationList section */

/* Begin XCRemoteSwiftPackageReference section */
		3AE3C4C1242267D600DC0A95 /* XCRemoteSwiftPackageReference "SwiftUILineChart" */ = {
			isa = XCRemoteSwiftPackageReference;
			repositoryURL = "https://github.com/DuckSowl/SwiftUILineChart.git";
			requirement = {
				branch = development;
				kind = branch;
			};
		};
/* End XCRemoteSwiftPackageReference section */

/* Begin XCSwiftPackageProductDependency section */
		3AE3C4C2242267D600DC0A95 /* SwiftUILineChart */ = {
			isa = XCSwiftPackageProductDependency;
			package = 3AE3C4C1242267D600DC0A95 /* XCRemoteSwiftPackageReference "SwiftUILineChart" */;
			productName = SwiftUILineChart;
		};
/* End XCSwiftPackageProductDependency section */
	};
	rootObject = 3A8D9EA3240D7E2D009A4BFB /* Project object */;
}
